// !$*UTF8*$!
{
	archiveVersion = 1;
	classes = {
	};
	objectVersion = 55;
	objects = {

/* Begin PBXBuildFile section */
		4EDF73B839F0941CBA3CD302 /* Pods_Numerology.framework in Frameworks */ = {isa = PBXBuildFile; fileRef = DD3E708E4F345F1DB3BF5CE9 /* Pods_Numerology.framework */; };
		8411AB2B2A938BF400B3D2F4 /* StoreKitConfig.storekit in Resources */ = {isa = PBXBuildFile; fileRef = 8411AB2A2A938BF300B3D2F4 /* StoreKitConfig.storekit */; };
		8411AB2F2A94D9D100B3D2F4 /* PurchaseButton.swift in Sources */ = {isa = PBXBuildFile; fileRef = 8411AB2E2A94D9D100B3D2F4 /* PurchaseButton.swift */; };
		8437D3CB2A839EA7003592A7 /* PersonalMonthVC.swift in Sources */ = {isa = PBXBuildFile; fileRef = 8437D3CA2A839EA7003592A7 /* PersonalMonthVC.swift */; };
		8437D3CD2A83A694003592A7 /* PersonalMonthDatePicker.swift in Sources */ = {isa = PBXBuildFile; fileRef = 8437D3CC2A83A694003592A7 /* PersonalMonthDatePicker.swift */; };
		8437D3D22A84DE76003592A7 /* PersonalMonthTF.swift in Sources */ = {isa = PBXBuildFile; fileRef = 8437D3D12A84DE76003592A7 /* PersonalMonthTF.swift */; };
		8437D3D52A8628F7003592A7 /* PersonalYearTF.swift in Sources */ = {isa = PBXBuildFile; fileRef = 8437D3D42A8628F7003592A7 /* PersonalYearTF.swift */; };
		8437D3D72A862983003592A7 /* PersonalYearDP.swift in Sources */ = {isa = PBXBuildFile; fileRef = 8437D3D62A862983003592A7 /* PersonalYearDP.swift */; };
		8437D3D92A862A59003592A7 /* PersonalYearVC.swift in Sources */ = {isa = PBXBuildFile; fileRef = 8437D3D82A862A59003592A7 /* PersonalYearVC.swift */; };
		8437D3DB2A863FA3003592A7 /* PersonalDayVC.swift in Sources */ = {isa = PBXBuildFile; fileRef = 8437D3DA2A863FA3003592A7 /* PersonalDayVC.swift */; };
		84420CC62A7165A500DE1812 /* FirebaseDatabase in Frameworks */ = {isa = PBXBuildFile; productRef = 84420CC52A7165A500DE1812 /* FirebaseDatabase */; };
		84420CC82A7165A500DE1812 /* FirebaseFirestore in Frameworks */ = {isa = PBXBuildFile; productRef = 84420CC72A7165A500DE1812 /* FirebaseFirestore */; };
		84420CCA2A7165A500DE1812 /* FirebaseFirestoreSwift in Frameworks */ = {isa = PBXBuildFile; productRef = 84420CC92A7165A500DE1812 /* FirebaseFirestoreSwift */; };
		84420CCC2A7165A500DE1812 /* FirebaseStorage in Frameworks */ = {isa = PBXBuildFile; productRef = 84420CCB2A7165A500DE1812 /* FirebaseStorage */; };
		84420CCE2A728DF500DE1812 /* Extension_UIImage.swift in Sources */ = {isa = PBXBuildFile; fileRef = 84420CCD2A728DF400DE1812 /* Extension_UIImage.swift */; };
		84420CD02A7297EE00DE1812 /* DescriptionVC.swift in Sources */ = {isa = PBXBuildFile; fileRef = 84420CCF2A7297EE00DE1812 /* DescriptionVC.swift */; };
		84420CD22A72D6FB00DE1812 /* Extension_UIViewController.swift in Sources */ = {isa = PBXBuildFile; fileRef = 84420CD12A72D6FB00DE1812 /* Extension_UIViewController.swift */; };
		84420CD52A73EC1A00DE1812 /* BigCardCVCell.swift in Sources */ = {isa = PBXBuildFile; fileRef = 84420CD42A73EC1A00DE1812 /* BigCardCVCell.swift */; };
		84420CD72A73FC9900DE1812 /* CalculateNumbers.swift in Sources */ = {isa = PBXBuildFile; fileRef = 84420CD62A73FC9900DE1812 /* CalculateNumbers.swift */; };
		845EB1BB2A657939003D6F5C /* AppDelegate.swift in Sources */ = {isa = PBXBuildFile; fileRef = 845EB1BA2A657939003D6F5C /* AppDelegate.swift */; };
		845EB1BD2A657939003D6F5C /* SceneDelegate.swift in Sources */ = {isa = PBXBuildFile; fileRef = 845EB1BC2A657939003D6F5C /* SceneDelegate.swift */; };
		845EB1C42A65793E003D6F5C /* Assets.xcassets in Resources */ = {isa = PBXBuildFile; fileRef = 845EB1C32A65793E003D6F5C /* Assets.xcassets */; };
		845EB1C72A65793E003D6F5C /* LaunchScreen.storyboard in Resources */ = {isa = PBXBuildFile; fileRef = 845EB1C52A65793E003D6F5C /* LaunchScreen.storyboard */; };
		845EB1CF2A662E42003D6F5C /* FirstViewController.swift in Sources */ = {isa = PBXBuildFile; fileRef = 845EB1CE2A662E42003D6F5C /* FirstViewController.swift */; };
		845EB1D32A6630C3003D6F5C /* MainTabBarController.swift in Sources */ = {isa = PBXBuildFile; fileRef = 845EB1D22A6630C3003D6F5C /* MainTabBarController.swift */; };
		845EB1D72A663F60003D6F5C /* HeaderUIView.swift in Sources */ = {isa = PBXBuildFile; fileRef = 845EB1D62A663F60003D6F5C /* HeaderUIView.swift */; };
		845EB1DE2A668D63003D6F5C /* Gradients.swift in Sources */ = {isa = PBXBuildFile; fileRef = 845EB1DD2A668D63003D6F5C /* Gradients.swift */; };
		845EB1E22A67D119003D6F5C /* CardCollectionViewCell.swift in Sources */ = {isa = PBXBuildFile; fileRef = 845EB1E12A67D119003D6F5C /* CardCollectionViewCell.swift */; };
		845EB1E42A67E4F7003D6F5C /* ContentCollectionView.swift in Sources */ = {isa = PBXBuildFile; fileRef = 845EB1E32A67E4F7003D6F5C /* ContentCollectionView.swift */; };
		845EB1E82A68124E003D6F5C /* OvalShapeView.swift in Sources */ = {isa = PBXBuildFile; fileRef = 845EB1E72A68124E003D6F5C /* OvalShapeView.swift */; };
		845EB1EB2A692114003D6F5C /* OnboardingVC.swift in Sources */ = {isa = PBXBuildFile; fileRef = 845EB1EA2A692114003D6F5C /* OnboardingVC.swift */; };
		845EB1ED2A6973E6003D6F5C /* UserEnterDataVC.swift in Sources */ = {isa = PBXBuildFile; fileRef = 845EB1EC2A6973E5003D6F5C /* UserEnterDataVC.swift */; };
		845EB1EF2A697F58003D6F5C /* RegularTextField.swift in Sources */ = {isa = PBXBuildFile; fileRef = 845EB1EE2A697F58003D6F5C /* RegularTextField.swift */; };
		845EB1F22A6A509E003D6F5C /* Extension_UserDefaults.swift in Sources */ = {isa = PBXBuildFile; fileRef = 845EB1F12A6A509D003D6F5C /* Extension_UserDefaults.swift */; };
		846FC5F42A8F97820011EF01 /* StoreKit2Manager.swift in Sources */ = {isa = PBXBuildFile; fileRef = 846FC5F32A8F97820011EF01 /* StoreKit2Manager.swift */; };
		846FC5F62A90A1BB0011EF01 /* OnlyLableCVCell.swift in Sources */ = {isa = PBXBuildFile; fileRef = 846FC5F52A90A1BB0011EF01 /* OnlyLableCVCell.swift */; };
		848DFACA2AC3798E0043512C /* MiniPromoCVCell.swift in Sources */ = {isa = PBXBuildFile; fileRef = 848DFAC92AC3798E0043512C /* MiniPromoCVCell.swift */; };
		848DFACC2AC41BDF0043512C /* Mini2PromoCVCell.swift in Sources */ = {isa = PBXBuildFile; fileRef = 848DFACB2AC41BDE0043512C /* Mini2PromoCVCell.swift */; };
		8492D0822A6AD91000761312 /* UserEnterDateOfBirthVC.swift in Sources */ = {isa = PBXBuildFile; fileRef = 8492D0812A6AD91000761312 /* UserEnterDateOfBirthVC.swift */; };
		8492D0842A6BDD6500761312 /* DateFormat.swift in Sources */ = {isa = PBXBuildFile; fileRef = 8492D0832A6BDD6500761312 /* DateFormat.swift */; };
		8492D0872A6D935200761312 /* EditProfileVC.swift in Sources */ = {isa = PBXBuildFile; fileRef = 8492D0862A6D935200761312 /* EditProfileVC.swift */; };
		8492D0932A6EA7E500761312 /* FirebaseManager.swift in Sources */ = {isa = PBXBuildFile; fileRef = 8492D0922A6EA7E500761312 /* FirebaseManager.swift */; };
		8492D0962A713CBA00761312 /* NumbersOfSoulModel.swift in Sources */ = {isa = PBXBuildFile; fileRef = 8492D0952A713CBA00761312 /* NumbersOfSoulModel.swift */; };
		8496CA322A77EEC700FB9592 /* NumbersOfNameModel.swift in Sources */ = {isa = PBXBuildFile; fileRef = 8496CA312A77EEC700FB9592 /* NumbersOfNameModel.swift */; };
		8496CA342A77FB4900FB9592 /* NumbersOfMoneyModel.swift in Sources */ = {isa = PBXBuildFile; fileRef = 8496CA332A77FB4900FB9592 /* NumbersOfMoneyModel.swift */; };
		8496CA362A7805FB00FB9592 /* PowerCodeModel.swift in Sources */ = {isa = PBXBuildFile; fileRef = 8496CA352A7805FB00FB9592 /* PowerCodeModel.swift */; };
		849CAB662A764F4D0019984E /* BoardOfDayModel.swift in Sources */ = {isa = PBXBuildFile; fileRef = 849CAB652A764F4C0019984E /* BoardOfDayModel.swift */; };
		849CAB682A767F3C0019984E /* NumbersOfDestinyModel.swift in Sources */ = {isa = PBXBuildFile; fileRef = 849CAB672A767F3C0019984E /* NumbersOfDestinyModel.swift */; };
		84AA6AE92AA3558100BF6C0D /* FirebaseMessaging in Frameworks */ = {isa = PBXBuildFile; productRef = 84AA6AE82AA3558100BF6C0D /* FirebaseMessaging */; };
		84AA6AEB2AA4A54600BF6C0D /* GoogleService-Info.plist in Resources */ = {isa = PBXBuildFile; fileRef = 84AA6AEA2AA4A54600BF6C0D /* GoogleService-Info.plist */; };
		84AA6AF32AA4E82800BF6C0D /* Cinzel-Bold.ttf in Resources */ = {isa = PBXBuildFile; fileRef = 84AA6AF12AA4E82800BF6C0D /* Cinzel-Bold.ttf */; };
		84AA6AF42AA4E82800BF6C0D /* Cinzel-Regular.ttf in Resources */ = {isa = PBXBuildFile; fileRef = 84AA6AF22AA4E82800BF6C0D /* Cinzel-Regular.ttf */; };
		84AA6AF62AA4F85C00BF6C0D /* SourceSerifPro-Light.ttf in Resources */ = {isa = PBXBuildFile; fileRef = 84AA6AF52AA4F85C00BF6C0D /* SourceSerifPro-Light.ttf */; };
		84AA6AF82AA6077E00BF6C0D /* CustomTF.swift in Sources */ = {isa = PBXBuildFile; fileRef = 84AA6AF72AA6077E00BF6C0D /* CustomTF.swift */; };
		84AA6AFB2AA8DD0000BF6C0D /* SourceSerifPro-Regular.ttf in Resources */ = {isa = PBXBuildFile; fileRef = 84AA6AFA2AA8DD0000BF6C0D /* SourceSerifPro-Regular.ttf */; };
		84AC66F62A79428700D2321B /* OnboardingSlideView.swift in Sources */ = {isa = PBXBuildFile; fileRef = 84AC66F52A79428700D2321B /* OnboardingSlideView.swift */; };
		84AC66F82A7BDF4700D2321B /* ThirdViewController.swift in Sources */ = {isa = PBXBuildFile; fileRef = 84AC66F72A7BDF4700D2321B /* ThirdViewController.swift */; };
		84AC66FA2A7BE4D900D2321B /* RegularBigButton.swift in Sources */ = {isa = PBXBuildFile; fileRef = 84AC66F92A7BE4D900D2321B /* RegularBigButton.swift */; };
		84AC66FC2A7C175100D2321B /* SecondViewController.swift in Sources */ = {isa = PBXBuildFile; fileRef = 84AC66FB2A7C175100D2321B /* SecondViewController.swift */; };
		84AC66FE2A7C647400D2321B /* LifeStagesViewController.swift in Sources */ = {isa = PBXBuildFile; fileRef = 84AC66FD2A7C647400D2321B /* LifeStagesViewController.swift */; };
		84AC67002A7C663200D2321B /* ButtonCVCell.swift in Sources */ = {isa = PBXBuildFile; fileRef = 84AC66FF2A7C663200D2321B /* ButtonCVCell.swift */; };
		84AC67022A7C6DAB00D2321B /* ChipsButton.swift in Sources */ = {isa = PBXBuildFile; fileRef = 84AC67012A7C6DAB00D2321B /* ChipsButton.swift */; };
		84AC67062A7FDA0800D2321B /* PersonalDayModel.swift in Sources */ = {isa = PBXBuildFile; fileRef = 84AC67052A7FDA0800D2321B /* PersonalDayModel.swift */; };
		84AC67082A7FE12200D2321B /* PersonalMonthModel.swift in Sources */ = {isa = PBXBuildFile; fileRef = 84AC67072A7FE12100D2321B /* PersonalMonthModel.swift */; };
		84AC670A2A7FE5AE00D2321B /* PersonalYearModel.swift in Sources */ = {isa = PBXBuildFile; fileRef = 84AC67092A7FE5AD00D2321B /* PersonalYearModel.swift */; };
		84AC670C2A7FEACB00D2321B /* LifeStagesModel.swift in Sources */ = {isa = PBXBuildFile; fileRef = 84AC670B2A7FEACB00D2321B /* LifeStagesModel.swift */; };
		84AC670E2A7FFEB100D2321B /* FourthViewController.swift in Sources */ = {isa = PBXBuildFile; fileRef = 84AC670D2A7FFEB100D2321B /* FourthViewController.swift */; };
		84AC67102A8001AF00D2321B /* NumerologyIsModel.swift in Sources */ = {isa = PBXBuildFile; fileRef = 84AC670F2A8001AE00D2321B /* NumerologyIsModel.swift */; };
		84AC67122A802FE000D2321B /* DescriptionView.swift in Sources */ = {isa = PBXBuildFile; fileRef = 84AC67112A802FE000D2321B /* DescriptionView.swift */; };
		84AC67142A810DBE00D2321B /* CompatibilityModel.swift in Sources */ = {isa = PBXBuildFile; fileRef = 84AC67132A810DBE00D2321B /* CompatibilityModel.swift */; };
		84AC67162A81180B00D2321B /* CompatibilityViewController.swift in Sources */ = {isa = PBXBuildFile; fileRef = 84AC67152A81180B00D2321B /* CompatibilityViewController.swift */; };
		84B99A812AB6EB95008A3B49 /* PaywallVC_V2.swift in Sources */ = {isa = PBXBuildFile; fileRef = 84B99A802AB6EB95008A3B49 /* PaywallVC_V2.swift */; };
		84B99A832AB6EE08008A3B49 /* BigPromoCVCell.swift in Sources */ = {isa = PBXBuildFile; fileRef = 84B99A822AB6EE08008A3B49 /* BigPromoCVCell.swift */; };
		84B99A852AB73820008A3B49 /* CustomCarousel_CV.swift in Sources */ = {isa = PBXBuildFile; fileRef = 84B99A842AB73820008A3B49 /* CustomCarousel_CV.swift */; };
		84B99A882AB73A1E008A3B49 /* CarouselCard_CVCell.swift in Sources */ = {isa = PBXBuildFile; fileRef = 84B99A872AB73A1E008A3B49 /* CarouselCard_CVCell.swift */; };
		84B99A8A2AB88E5B008A3B49 /* RegularPromoCVCell.swift in Sources */ = {isa = PBXBuildFile; fileRef = 84B99A892AB88E5B008A3B49 /* RegularPromoCVCell.swift */; };
		84B99A8C2AB99D2D008A3B49 /* Extension_UIColor.swift in Sources */ = {isa = PBXBuildFile; fileRef = 84B99A8B2AB99D2D008A3B49 /* Extension_UIColor.swift */; };
		84B99A8E2AB9A028008A3B49 /* SourceSerifPro-Semibold.ttf in Resources */ = {isa = PBXBuildFile; fileRef = 84B99A8D2AB9A028008A3B49 /* SourceSerifPro-Semibold.ttf */; };
		84B99A902AB9A3B0008A3B49 /* Extension_UIFont.swift in Sources */ = {isa = PBXBuildFile; fileRef = 84B99A8F2AB9A3B0008A3B49 /* Extension_UIFont.swift */; };
		84B99A962AB9C712008A3B49 /* SourceSerifPro-Bold.ttf in Resources */ = {isa = PBXBuildFile; fileRef = 84B99A952AB9C712008A3B49 /* SourceSerifPro-Bold.ttf */; };
		84B99A9E2AC00F90008A3B49 /* StoreKitTestCertificate.cer in Resources */ = {isa = PBXBuildFile; fileRef = 84B99A9D2AC00F8F008A3B49 /* StoreKitTestCertificate.cer */; };
		84D870962A87D4CE00ACACA8 /* LifeStagesCalculatedModel.swift in Sources */ = {isa = PBXBuildFile; fileRef = 84D870952A87D4CE00ACACA8 /* LifeStagesCalculatedModel.swift */; };
		84D870982A892C0D00ACACA8 /* InfoDocModel.swift in Sources */ = {isa = PBXBuildFile; fileRef = 84D870972A892C0D00ACACA8 /* InfoDocModel.swift */; };
		84D8709C2A8B248200ACACA8 /* PaywallViewController.swift in Sources */ = {isa = PBXBuildFile; fileRef = 84D8709B2A8B248200ACACA8 /* PaywallViewController.swift */; };
		84D8709E2A8B368400ACACA8 /* PaywallCVCell.swift in Sources */ = {isa = PBXBuildFile; fileRef = 84D8709D2A8B368300ACACA8 /* PaywallCVCell.swift */; };
		84D870A12A8D035700ACACA8 /* StoreKitManager.swift in Sources */ = {isa = PBXBuildFile; fileRef = 84D870A02A8D035600ACACA8 /* StoreKitManager.swift */; };
		84DBB9A22AE2CCF300A0784F /* NumerologyVC.swift in Sources */ = {isa = PBXBuildFile; fileRef = 84DBB9A12AE2CCF300A0784F /* NumerologyVC.swift */; };
		84DBB9A42AE2F51D00A0784F /* AnimatableBG.swift in Sources */ = {isa = PBXBuildFile; fileRef = 84DBB9A32AE2F51D00A0784F /* AnimatableBG.swift */; };
		84DBB9A92AE40FC700A0784F /* NumerologyModel.swift in Sources */ = {isa = PBXBuildFile; fileRef = 84DBB9A82AE40FC700A0784F /* NumerologyModel.swift */; };
		84DBB9AB2AE410D700A0784F /* ViewModel.swift in Sources */ = {isa = PBXBuildFile; fileRef = 84DBB9AA2AE410D700A0784F /* ViewModel.swift */; };
		84DBB9B42AE7B7FA00A0784F /* QuizVC.swift in Sources */ = {isa = PBXBuildFile; fileRef = 84DBB9B32AE7B7FA00A0784F /* QuizVC.swift */; };
		84DBB9B62AE7BDC900A0784F /* OnboardingQuizData.swift in Sources */ = {isa = PBXBuildFile; fileRef = 84DBB9B52AE7BDC900A0784F /* OnboardingQuizData.swift */; };
		84DBB9B82AE7D37C00A0784F /* OnboardingQuizCell.swift in Sources */ = {isa = PBXBuildFile; fileRef = 84DBB9B72AE7D37B00A0784F /* OnboardingQuizCell.swift */; };
		84DBB9BA2AE809AB00A0784F /* Extension_UIButton.swift in Sources */ = {isa = PBXBuildFile; fileRef = 84DBB9B92AE809AA00A0784F /* Extension_UIButton.swift */; };
		84DBB9CB2AE955D500A0784F /* EnterUserDataVC.swift in Sources */ = {isa = PBXBuildFile; fileRef = 84DBB9CA2AE955D500A0784F /* EnterUserDataVC.swift */; };
		84DBB9CE2AE96BD300A0784F /* ChooseGenderVC.swift in Sources */ = {isa = PBXBuildFile; fileRef = 84DBB9CD2AE96BD300A0784F /* ChooseGenderVC.swift */; };
		84DBB9D02AE9951B00A0784F /* GenderCVCell.swift in Sources */ = {isa = PBXBuildFile; fileRef = 84DBB9CF2AE9951B00A0784F /* GenderCVCell.swift */; };
		84DBB9D22AEA69EF00A0784F /* OnboardingVC_v2.swift in Sources */ = {isa = PBXBuildFile; fileRef = 84DBB9D12AEA69EF00A0784F /* OnboardingVC_v2.swift */; };
		84EEF4992AA20C7E0054B430 /* StoreKit.framework in Frameworks */ = {isa = PBXBuildFile; fileRef = 84EEF4982AA20C7E0054B430 /* StoreKit.framework */; };
/* End PBXBuildFile section */

/* Begin PBXFileReference section */
		25DE408091313ADBAB578A0D /* Pods-Numerology.debug.xcconfig */ = {isa = PBXFileReference; includeInIndex = 1; lastKnownFileType = text.xcconfig; name = "Pods-Numerology.debug.xcconfig"; path = "Target Support Files/Pods-Numerology/Pods-Numerology.debug.xcconfig"; sourceTree = "<group>"; };
		806AA35FAABCDDFAFF53D986 /* Pods-Numerology.release.xcconfig */ = {isa = PBXFileReference; includeInIndex = 1; lastKnownFileType = text.xcconfig; name = "Pods-Numerology.release.xcconfig"; path = "Target Support Files/Pods-Numerology/Pods-Numerology.release.xcconfig"; sourceTree = "<group>"; };
		8411AB2A2A938BF300B3D2F4 /* StoreKitConfig.storekit */ = {isa = PBXFileReference; lastKnownFileType = text; path = StoreKitConfig.storekit; sourceTree = "<group>"; };
		8411AB2E2A94D9D100B3D2F4 /* PurchaseButton.swift */ = {isa = PBXFileReference; lastKnownFileType = sourcecode.swift; path = PurchaseButton.swift; sourceTree = "<group>"; };
		8437D3CA2A839EA7003592A7 /* PersonalMonthVC.swift */ = {isa = PBXFileReference; lastKnownFileType = sourcecode.swift; path = PersonalMonthVC.swift; sourceTree = "<group>"; };
		8437D3CC2A83A694003592A7 /* PersonalMonthDatePicker.swift */ = {isa = PBXFileReference; lastKnownFileType = sourcecode.swift; path = PersonalMonthDatePicker.swift; sourceTree = "<group>"; };
		8437D3D12A84DE76003592A7 /* PersonalMonthTF.swift */ = {isa = PBXFileReference; lastKnownFileType = sourcecode.swift; path = PersonalMonthTF.swift; sourceTree = "<group>"; };
		8437D3D42A8628F7003592A7 /* PersonalYearTF.swift */ = {isa = PBXFileReference; lastKnownFileType = sourcecode.swift; path = PersonalYearTF.swift; sourceTree = "<group>"; };
		8437D3D62A862983003592A7 /* PersonalYearDP.swift */ = {isa = PBXFileReference; lastKnownFileType = sourcecode.swift; path = PersonalYearDP.swift; sourceTree = "<group>"; };
		8437D3D82A862A59003592A7 /* PersonalYearVC.swift */ = {isa = PBXFileReference; lastKnownFileType = sourcecode.swift; path = PersonalYearVC.swift; sourceTree = "<group>"; };
		8437D3DA2A863FA3003592A7 /* PersonalDayVC.swift */ = {isa = PBXFileReference; lastKnownFileType = sourcecode.swift; path = PersonalDayVC.swift; sourceTree = "<group>"; };
		84420CCD2A728DF400DE1812 /* Extension_UIImage.swift */ = {isa = PBXFileReference; lastKnownFileType = sourcecode.swift; path = Extension_UIImage.swift; sourceTree = "<group>"; };
		84420CCF2A7297EE00DE1812 /* DescriptionVC.swift */ = {isa = PBXFileReference; lastKnownFileType = sourcecode.swift; path = DescriptionVC.swift; sourceTree = "<group>"; };
		84420CD12A72D6FB00DE1812 /* Extension_UIViewController.swift */ = {isa = PBXFileReference; lastKnownFileType = sourcecode.swift; path = Extension_UIViewController.swift; sourceTree = "<group>"; };
		84420CD42A73EC1A00DE1812 /* BigCardCVCell.swift */ = {isa = PBXFileReference; lastKnownFileType = sourcecode.swift; path = BigCardCVCell.swift; sourceTree = "<group>"; };
		84420CD62A73FC9900DE1812 /* CalculateNumbers.swift */ = {isa = PBXFileReference; lastKnownFileType = sourcecode.swift; path = CalculateNumbers.swift; sourceTree = "<group>"; };
		845EB1B72A657938003D6F5C /* Numerology.app */ = {isa = PBXFileReference; explicitFileType = wrapper.application; includeInIndex = 0; path = Numerology.app; sourceTree = BUILT_PRODUCTS_DIR; };
		845EB1BA2A657939003D6F5C /* AppDelegate.swift */ = {isa = PBXFileReference; lastKnownFileType = sourcecode.swift; path = AppDelegate.swift; sourceTree = "<group>"; };
		845EB1BC2A657939003D6F5C /* SceneDelegate.swift */ = {isa = PBXFileReference; lastKnownFileType = sourcecode.swift; path = SceneDelegate.swift; sourceTree = "<group>"; };
		845EB1C32A65793E003D6F5C /* Assets.xcassets */ = {isa = PBXFileReference; lastKnownFileType = folder.assetcatalog; path = Assets.xcassets; sourceTree = "<group>"; };
		845EB1C82A65793E003D6F5C /* Info.plist */ = {isa = PBXFileReference; lastKnownFileType = text.plist.xml; path = Info.plist; sourceTree = "<group>"; };
		845EB1CE2A662E42003D6F5C /* FirstViewController.swift */ = {isa = PBXFileReference; lastKnownFileType = sourcecode.swift; path = FirstViewController.swift; sourceTree = "<group>"; };
		845EB1D22A6630C3003D6F5C /* MainTabBarController.swift */ = {isa = PBXFileReference; lastKnownFileType = sourcecode.swift; path = MainTabBarController.swift; sourceTree = "<group>"; };
		845EB1D62A663F60003D6F5C /* HeaderUIView.swift */ = {isa = PBXFileReference; lastKnownFileType = sourcecode.swift; path = HeaderUIView.swift; sourceTree = "<group>"; };
		845EB1DD2A668D63003D6F5C /* Gradients.swift */ = {isa = PBXFileReference; lastKnownFileType = sourcecode.swift; path = Gradients.swift; sourceTree = "<group>"; };
		845EB1E12A67D119003D6F5C /* CardCollectionViewCell.swift */ = {isa = PBXFileReference; lastKnownFileType = sourcecode.swift; path = CardCollectionViewCell.swift; sourceTree = "<group>"; };
		845EB1E32A67E4F7003D6F5C /* ContentCollectionView.swift */ = {isa = PBXFileReference; lastKnownFileType = sourcecode.swift; path = ContentCollectionView.swift; sourceTree = "<group>"; };
		845EB1E72A68124E003D6F5C /* OvalShapeView.swift */ = {isa = PBXFileReference; lastKnownFileType = sourcecode.swift; path = OvalShapeView.swift; sourceTree = "<group>"; };
		845EB1EA2A692114003D6F5C /* OnboardingVC.swift */ = {isa = PBXFileReference; lastKnownFileType = sourcecode.swift; path = OnboardingVC.swift; sourceTree = "<group>"; };
		845EB1EC2A6973E5003D6F5C /* UserEnterDataVC.swift */ = {isa = PBXFileReference; lastKnownFileType = sourcecode.swift; path = UserEnterDataVC.swift; sourceTree = "<group>"; };
		845EB1EE2A697F58003D6F5C /* RegularTextField.swift */ = {isa = PBXFileReference; lastKnownFileType = sourcecode.swift; path = RegularTextField.swift; sourceTree = "<group>"; };
		845EB1F12A6A509D003D6F5C /* Extension_UserDefaults.swift */ = {isa = PBXFileReference; lastKnownFileType = sourcecode.swift; path = Extension_UserDefaults.swift; sourceTree = "<group>"; };
		846FC5F32A8F97820011EF01 /* StoreKit2Manager.swift */ = {isa = PBXFileReference; lastKnownFileType = sourcecode.swift; path = StoreKit2Manager.swift; sourceTree = "<group>"; };
		846FC5F52A90A1BB0011EF01 /* OnlyLableCVCell.swift */ = {isa = PBXFileReference; lastKnownFileType = sourcecode.swift; path = OnlyLableCVCell.swift; sourceTree = "<group>"; };
		848DFAC92AC3798E0043512C /* MiniPromoCVCell.swift */ = {isa = PBXFileReference; lastKnownFileType = sourcecode.swift; path = MiniPromoCVCell.swift; sourceTree = "<group>"; };
		848DFACB2AC41BDE0043512C /* Mini2PromoCVCell.swift */ = {isa = PBXFileReference; lastKnownFileType = sourcecode.swift; path = Mini2PromoCVCell.swift; sourceTree = "<group>"; };
		8492D0812A6AD91000761312 /* UserEnterDateOfBirthVC.swift */ = {isa = PBXFileReference; lastKnownFileType = sourcecode.swift; path = UserEnterDateOfBirthVC.swift; sourceTree = "<group>"; };
		8492D0832A6BDD6500761312 /* DateFormat.swift */ = {isa = PBXFileReference; lastKnownFileType = sourcecode.swift; path = DateFormat.swift; sourceTree = "<group>"; };
		8492D0862A6D935200761312 /* EditProfileVC.swift */ = {isa = PBXFileReference; lastKnownFileType = sourcecode.swift; path = EditProfileVC.swift; sourceTree = "<group>"; };
		8492D0922A6EA7E500761312 /* FirebaseManager.swift */ = {isa = PBXFileReference; lastKnownFileType = sourcecode.swift; path = FirebaseManager.swift; sourceTree = "<group>"; };
		8492D0952A713CBA00761312 /* NumbersOfSoulModel.swift */ = {isa = PBXFileReference; lastKnownFileType = sourcecode.swift; path = NumbersOfSoulModel.swift; sourceTree = "<group>"; };
		8496CA312A77EEC700FB9592 /* NumbersOfNameModel.swift */ = {isa = PBXFileReference; lastKnownFileType = sourcecode.swift; path = NumbersOfNameModel.swift; sourceTree = "<group>"; };
		8496CA332A77FB4900FB9592 /* NumbersOfMoneyModel.swift */ = {isa = PBXFileReference; lastKnownFileType = sourcecode.swift; path = NumbersOfMoneyModel.swift; sourceTree = "<group>"; };
		8496CA352A7805FB00FB9592 /* PowerCodeModel.swift */ = {isa = PBXFileReference; lastKnownFileType = sourcecode.swift; path = PowerCodeModel.swift; sourceTree = "<group>"; };
		849CAB652A764F4C0019984E /* BoardOfDayModel.swift */ = {isa = PBXFileReference; lastKnownFileType = sourcecode.swift; path = BoardOfDayModel.swift; sourceTree = "<group>"; };
		849CAB672A767F3C0019984E /* NumbersOfDestinyModel.swift */ = {isa = PBXFileReference; lastKnownFileType = sourcecode.swift; path = NumbersOfDestinyModel.swift; sourceTree = "<group>"; };
		84AA6AEA2AA4A54600BF6C0D /* GoogleService-Info.plist */ = {isa = PBXFileReference; fileEncoding = 4; lastKnownFileType = text.plist.xml; path = "GoogleService-Info.plist"; sourceTree = "<group>"; };
		84AA6AF12AA4E82800BF6C0D /* Cinzel-Bold.ttf */ = {isa = PBXFileReference; lastKnownFileType = file; path = "Cinzel-Bold.ttf"; sourceTree = "<group>"; };
		84AA6AF22AA4E82800BF6C0D /* Cinzel-Regular.ttf */ = {isa = PBXFileReference; lastKnownFileType = file; path = "Cinzel-Regular.ttf"; sourceTree = "<group>"; };
		84AA6AF52AA4F85C00BF6C0D /* SourceSerifPro-Light.ttf */ = {isa = PBXFileReference; lastKnownFileType = file; path = "SourceSerifPro-Light.ttf"; sourceTree = "<group>"; };
		84AA6AF72AA6077E00BF6C0D /* CustomTF.swift */ = {isa = PBXFileReference; lastKnownFileType = sourcecode.swift; path = CustomTF.swift; sourceTree = "<group>"; };
		84AA6AFA2AA8DD0000BF6C0D /* SourceSerifPro-Regular.ttf */ = {isa = PBXFileReference; lastKnownFileType = file; path = "SourceSerifPro-Regular.ttf"; sourceTree = "<group>"; };
		84AC66F52A79428700D2321B /* OnboardingSlideView.swift */ = {isa = PBXFileReference; lastKnownFileType = sourcecode.swift; path = OnboardingSlideView.swift; sourceTree = "<group>"; };
		84AC66F72A7BDF4700D2321B /* ThirdViewController.swift */ = {isa = PBXFileReference; lastKnownFileType = sourcecode.swift; path = ThirdViewController.swift; sourceTree = "<group>"; };
		84AC66F92A7BE4D900D2321B /* RegularBigButton.swift */ = {isa = PBXFileReference; lastKnownFileType = sourcecode.swift; path = RegularBigButton.swift; sourceTree = "<group>"; };
		84AC66FB2A7C175100D2321B /* SecondViewController.swift */ = {isa = PBXFileReference; lastKnownFileType = sourcecode.swift; path = SecondViewController.swift; sourceTree = "<group>"; };
		84AC66FD2A7C647400D2321B /* LifeStagesViewController.swift */ = {isa = PBXFileReference; lastKnownFileType = sourcecode.swift; path = LifeStagesViewController.swift; sourceTree = "<group>"; };
		84AC66FF2A7C663200D2321B /* ButtonCVCell.swift */ = {isa = PBXFileReference; lastKnownFileType = sourcecode.swift; path = ButtonCVCell.swift; sourceTree = "<group>"; };
		84AC67012A7C6DAB00D2321B /* ChipsButton.swift */ = {isa = PBXFileReference; lastKnownFileType = sourcecode.swift; path = ChipsButton.swift; sourceTree = "<group>"; };
		84AC67052A7FDA0800D2321B /* PersonalDayModel.swift */ = {isa = PBXFileReference; lastKnownFileType = sourcecode.swift; path = PersonalDayModel.swift; sourceTree = "<group>"; };
		84AC67072A7FE12100D2321B /* PersonalMonthModel.swift */ = {isa = PBXFileReference; lastKnownFileType = sourcecode.swift; path = PersonalMonthModel.swift; sourceTree = "<group>"; };
		84AC67092A7FE5AD00D2321B /* PersonalYearModel.swift */ = {isa = PBXFileReference; lastKnownFileType = sourcecode.swift; path = PersonalYearModel.swift; sourceTree = "<group>"; };
		84AC670B2A7FEACB00D2321B /* LifeStagesModel.swift */ = {isa = PBXFileReference; lastKnownFileType = sourcecode.swift; path = LifeStagesModel.swift; sourceTree = "<group>"; };
		84AC670D2A7FFEB100D2321B /* FourthViewController.swift */ = {isa = PBXFileReference; lastKnownFileType = sourcecode.swift; path = FourthViewController.swift; sourceTree = "<group>"; };
		84AC670F2A8001AE00D2321B /* NumerologyIsModel.swift */ = {isa = PBXFileReference; lastKnownFileType = sourcecode.swift; path = NumerologyIsModel.swift; sourceTree = "<group>"; };
		84AC67112A802FE000D2321B /* DescriptionView.swift */ = {isa = PBXFileReference; lastKnownFileType = sourcecode.swift; path = DescriptionView.swift; sourceTree = "<group>"; };
		84AC67132A810DBE00D2321B /* CompatibilityModel.swift */ = {isa = PBXFileReference; lastKnownFileType = sourcecode.swift; path = CompatibilityModel.swift; sourceTree = "<group>"; };
		84AC67152A81180B00D2321B /* CompatibilityViewController.swift */ = {isa = PBXFileReference; lastKnownFileType = sourcecode.swift; path = CompatibilityViewController.swift; sourceTree = "<group>"; };
		84B99A802AB6EB95008A3B49 /* PaywallVC_V2.swift */ = {isa = PBXFileReference; lastKnownFileType = sourcecode.swift; path = PaywallVC_V2.swift; sourceTree = "<group>"; };
		84B99A822AB6EE08008A3B49 /* BigPromoCVCell.swift */ = {isa = PBXFileReference; lastKnownFileType = sourcecode.swift; path = BigPromoCVCell.swift; sourceTree = "<group>"; };
		84B99A842AB73820008A3B49 /* CustomCarousel_CV.swift */ = {isa = PBXFileReference; lastKnownFileType = sourcecode.swift; path = CustomCarousel_CV.swift; sourceTree = "<group>"; };
		84B99A872AB73A1E008A3B49 /* CarouselCard_CVCell.swift */ = {isa = PBXFileReference; lastKnownFileType = sourcecode.swift; path = CarouselCard_CVCell.swift; sourceTree = "<group>"; };
		84B99A892AB88E5B008A3B49 /* RegularPromoCVCell.swift */ = {isa = PBXFileReference; lastKnownFileType = sourcecode.swift; path = RegularPromoCVCell.swift; sourceTree = "<group>"; };
		84B99A8B2AB99D2D008A3B49 /* Extension_UIColor.swift */ = {isa = PBXFileReference; lastKnownFileType = sourcecode.swift; path = Extension_UIColor.swift; sourceTree = "<group>"; };
		84B99A8D2AB9A028008A3B49 /* SourceSerifPro-Semibold.ttf */ = {isa = PBXFileReference; lastKnownFileType = file; path = "SourceSerifPro-Semibold.ttf"; sourceTree = "<group>"; };
		84B99A8F2AB9A3B0008A3B49 /* Extension_UIFont.swift */ = {isa = PBXFileReference; lastKnownFileType = sourcecode.swift; path = Extension_UIFont.swift; sourceTree = "<group>"; };
		84B99A952AB9C712008A3B49 /* SourceSerifPro-Bold.ttf */ = {isa = PBXFileReference; lastKnownFileType = file; path = "SourceSerifPro-Bold.ttf"; sourceTree = "<group>"; };
		84B99A9D2AC00F8F008A3B49 /* StoreKitTestCertificate.cer */ = {isa = PBXFileReference; lastKnownFileType = file; path = StoreKitTestCertificate.cer; sourceTree = "<group>"; };
		84D870952A87D4CE00ACACA8 /* LifeStagesCalculatedModel.swift */ = {isa = PBXFileReference; lastKnownFileType = sourcecode.swift; path = LifeStagesCalculatedModel.swift; sourceTree = "<group>"; };
		84D870972A892C0D00ACACA8 /* InfoDocModel.swift */ = {isa = PBXFileReference; lastKnownFileType = sourcecode.swift; path = InfoDocModel.swift; sourceTree = "<group>"; };
		84D8709B2A8B248200ACACA8 /* PaywallViewController.swift */ = {isa = PBXFileReference; lastKnownFileType = sourcecode.swift; path = PaywallViewController.swift; sourceTree = "<group>"; };
		84D8709D2A8B368300ACACA8 /* PaywallCVCell.swift */ = {isa = PBXFileReference; lastKnownFileType = sourcecode.swift; path = PaywallCVCell.swift; sourceTree = "<group>"; };
		84D870A02A8D035600ACACA8 /* StoreKitManager.swift */ = {isa = PBXFileReference; lastKnownFileType = sourcecode.swift; path = StoreKitManager.swift; sourceTree = "<group>"; };
		84D9CB4F2AACE01C00809B70 /* Base */ = {isa = PBXFileReference; lastKnownFileType = file.storyboard; name = Base; path = Base.lproj/LaunchScreen.storyboard; sourceTree = "<group>"; };
		84DBB9A12AE2CCF300A0784F /* NumerologyVC.swift */ = {isa = PBXFileReference; lastKnownFileType = sourcecode.swift; path = NumerologyVC.swift; sourceTree = "<group>"; };
		84DBB9A32AE2F51D00A0784F /* AnimatableBG.swift */ = {isa = PBXFileReference; lastKnownFileType = sourcecode.swift; path = AnimatableBG.swift; sourceTree = "<group>"; };
		84DBB9A82AE40FC700A0784F /* NumerologyModel.swift */ = {isa = PBXFileReference; lastKnownFileType = sourcecode.swift; path = NumerologyModel.swift; sourceTree = "<group>"; };
		84DBB9AA2AE410D700A0784F /* ViewModel.swift */ = {isa = PBXFileReference; lastKnownFileType = sourcecode.swift; path = ViewModel.swift; sourceTree = "<group>"; };
		84DBB9B32AE7B7FA00A0784F /* QuizVC.swift */ = {isa = PBXFileReference; lastKnownFileType = sourcecode.swift; path = QuizVC.swift; sourceTree = "<group>"; };
		84DBB9B52AE7BDC900A0784F /* OnboardingQuizData.swift */ = {isa = PBXFileReference; lastKnownFileType = sourcecode.swift; path = OnboardingQuizData.swift; sourceTree = "<group>"; };
		84DBB9B72AE7D37B00A0784F /* OnboardingQuizCell.swift */ = {isa = PBXFileReference; lastKnownFileType = sourcecode.swift; path = OnboardingQuizCell.swift; sourceTree = "<group>"; };
		84DBB9B92AE809AA00A0784F /* Extension_UIButton.swift */ = {isa = PBXFileReference; lastKnownFileType = sourcecode.swift; path = Extension_UIButton.swift; sourceTree = "<group>"; };
		84DBB9CA2AE955D500A0784F /* EnterUserDataVC.swift */ = {isa = PBXFileReference; lastKnownFileType = sourcecode.swift; path = EnterUserDataVC.swift; sourceTree = "<group>"; };
		84DBB9CD2AE96BD300A0784F /* ChooseGenderVC.swift */ = {isa = PBXFileReference; lastKnownFileType = sourcecode.swift; path = ChooseGenderVC.swift; sourceTree = "<group>"; };
		84DBB9CF2AE9951B00A0784F /* GenderCVCell.swift */ = {isa = PBXFileReference; lastKnownFileType = sourcecode.swift; path = GenderCVCell.swift; sourceTree = "<group>"; };
		84DBB9D12AEA69EF00A0784F /* OnboardingVC_v2.swift */ = {isa = PBXFileReference; lastKnownFileType = sourcecode.swift; path = OnboardingVC_v2.swift; sourceTree = "<group>"; };
		84EEF4982AA20C7E0054B430 /* StoreKit.framework */ = {isa = PBXFileReference; lastKnownFileType = wrapper.framework; name = StoreKit.framework; path = System/Library/Frameworks/StoreKit.framework; sourceTree = SDKROOT; };
		84EEF49A2AA20C8C0054B430 /* Numerology.entitlements */ = {isa = PBXFileReference; lastKnownFileType = text.plist.entitlements; path = Numerology.entitlements; sourceTree = "<group>"; };
		DD3E708E4F345F1DB3BF5CE9 /* Pods_Numerology.framework */ = {isa = PBXFileReference; explicitFileType = wrapper.framework; includeInIndex = 0; path = Pods_Numerology.framework; sourceTree = BUILT_PRODUCTS_DIR; };
/* End PBXFileReference section */

/* Begin PBXFrameworksBuildPhase section */
		845EB1B42A657938003D6F5C /* Frameworks */ = {
			isa = PBXFrameworksBuildPhase;
			buildActionMask = 2147483647;
			files = (
				84420CC62A7165A500DE1812 /* FirebaseDatabase in Frameworks */,
				84420CCC2A7165A500DE1812 /* FirebaseStorage in Frameworks */,
				84AA6AE92AA3558100BF6C0D /* FirebaseMessaging in Frameworks */,
				84420CC82A7165A500DE1812 /* FirebaseFirestore in Frameworks */,
				84EEF4992AA20C7E0054B430 /* StoreKit.framework in Frameworks */,
				84420CCA2A7165A500DE1812 /* FirebaseFirestoreSwift in Frameworks */,
				4EDF73B839F0941CBA3CD302 /* Pods_Numerology.framework in Frameworks */,
			);
			runOnlyForDeploymentPostprocessing = 0;
		};
/* End PBXFrameworksBuildPhase section */

/* Begin PBXGroup section */
		8411AB292A9208DA00B3D2F4 /* IAP */ = {
			isa = PBXGroup;
			children = (
				84D870A02A8D035600ACACA8 /* StoreKitManager.swift */,
				846FC5F32A8F97820011EF01 /* StoreKit2Manager.swift */,
				8411AB2A2A938BF300B3D2F4 /* StoreKitConfig.storekit */,
				84B99A9D2AC00F8F008A3B49 /* StoreKitTestCertificate.cer */,
			);
			path = IAP;
			sourceTree = "<group>";
		};
		8437D3D32A862351003592A7 /* SecondViewController */ = {
			isa = PBXGroup;
			children = (
				8437D3CC2A83A694003592A7 /* PersonalMonthDatePicker.swift */,
				8437D3D12A84DE76003592A7 /* PersonalMonthTF.swift */,
				8437D3D42A8628F7003592A7 /* PersonalYearTF.swift */,
				8437D3D62A862983003592A7 /* PersonalYearDP.swift */,
			);
			path = SecondViewController;
			sourceTree = "<group>";
		};
		84420CD32A73EBBF00DE1812 /* Cell */ = {
			isa = PBXGroup;
			children = (
				84BCF64E2AF106B4009DF51C /* PaywallVC_V2 */,
				845EB1E12A67D119003D6F5C /* CardCollectionViewCell.swift */,
				84420CD42A73EC1A00DE1812 /* BigCardCVCell.swift */,
				84AC66FF2A7C663200D2321B /* ButtonCVCell.swift */,
				84D8709D2A8B368300ACACA8 /* PaywallCVCell.swift */,
				846FC5F52A90A1BB0011EF01 /* OnlyLableCVCell.swift */,
				84DBB9B72AE7D37B00A0784F /* OnboardingQuizCell.swift */,
				84DBB9CF2AE9951B00A0784F /* GenderCVCell.swift */,
			);
			path = Cell;
			sourceTree = "<group>";
		};
		845EB1AE2A657938003D6F5C = {
			isa = PBXGroup;
			children = (
				845EB1B92A657938003D6F5C /* Numerology */,
				845EB1B82A657938003D6F5C /* Products */,
				84D870A22A8D14B300ACACA8 /* Frameworks */,
				E2D2D5E4768FC2E0FBB5F04A /* Pods */,
			);
			sourceTree = "<group>";
		};
		845EB1B82A657938003D6F5C /* Products */ = {
			isa = PBXGroup;
			children = (
				845EB1B72A657938003D6F5C /* Numerology.app */,
			);
			name = Products;
			sourceTree = "<group>";
		};
		845EB1B92A657938003D6F5C /* Numerology */ = {
			isa = PBXGroup;
			children = (
				845EB1BA2A657939003D6F5C /* AppDelegate.swift */,
				845EB1BC2A657939003D6F5C /* SceneDelegate.swift */,
				845EB1D92A6664D9003D6F5C /* View */,
				845EB1D82A6664C1003D6F5C /* ViewController */,
				8492D0912A6EA78500761312 /* APIManager */,
				84DBB9AC2AE410E400A0784F /* ViewModel */,
				8492D0942A713C6F00761312 /* Model */,
				845EB1E52A67F6C2003D6F5C /* SupportedClass */,
				845EB1DC2A668D44003D6F5C /* Extensions */,
				84AA6AEC2AA4E48900BF6C0D /* Fonts */,
				8411AB292A9208DA00B3D2F4 /* IAP */,
				845EB1C32A65793E003D6F5C /* Assets.xcassets */,
				84EEF49A2AA20C8C0054B430 /* Numerology.entitlements */,
				845EB1C52A65793E003D6F5C /* LaunchScreen.storyboard */,
				845EB1C82A65793E003D6F5C /* Info.plist */,
				84AA6AEA2AA4A54600BF6C0D /* GoogleService-Info.plist */,
			);
			path = Numerology;
			sourceTree = "<group>";
		};
		845EB1D82A6664C1003D6F5C /* ViewController */ = {
			isa = PBXGroup;
			children = (
				845EB1E62A67FABC003D6F5C /* Tab bar */,
				84AC66F32A7941F500D2321B /* Onboarding */,
				8492D0862A6D935200761312 /* EditProfileVC.swift */,
				84420CCF2A7297EE00DE1812 /* DescriptionVC.swift */,
				84AC67152A81180B00D2321B /* CompatibilityViewController.swift */,
				84D8709B2A8B248200ACACA8 /* PaywallViewController.swift */,
				84B99A802AB6EB95008A3B49 /* PaywallVC_V2.swift */,
			);
			path = ViewController;
			sourceTree = "<group>";
		};
		845EB1D92A6664D9003D6F5C /* View */ = {
			isa = PBXGroup;
			children = (
				8437D3D32A862351003592A7 /* SecondViewController */,
				84AC66F42A79420F00D2321B /* Onboarding */,
				84420CD32A73EBBF00DE1812 /* Cell */,
				84B99A862AB7385E008A3B49 /* CollectionView */,
				845EB1D62A663F60003D6F5C /* HeaderUIView.swift */,
				845EB1E72A68124E003D6F5C /* OvalShapeView.swift */,
				845EB1EE2A697F58003D6F5C /* RegularTextField.swift */,
				84AC66F92A7BE4D900D2321B /* RegularBigButton.swift */,
				84AC67012A7C6DAB00D2321B /* ChipsButton.swift */,
				8411AB2E2A94D9D100B3D2F4 /* PurchaseButton.swift */,
				84AC67112A802FE000D2321B /* DescriptionView.swift */,
				84AA6AF72AA6077E00BF6C0D /* CustomTF.swift */,
				84DBB9A32AE2F51D00A0784F /* AnimatableBG.swift */,
			);
			path = View;
			sourceTree = "<group>";
		};
		845EB1DC2A668D44003D6F5C /* Extensions */ = {
			isa = PBXGroup;
			children = (
				845EB1F12A6A509D003D6F5C /* Extension_UserDefaults.swift */,
				84420CCD2A728DF400DE1812 /* Extension_UIImage.swift */,
				84420CD12A72D6FB00DE1812 /* Extension_UIViewController.swift */,
				84B99A8B2AB99D2D008A3B49 /* Extension_UIColor.swift */,
				84B99A8F2AB9A3B0008A3B49 /* Extension_UIFont.swift */,
				84DBB9B92AE809AA00A0784F /* Extension_UIButton.swift */,
			);
			path = Extensions;
			sourceTree = "<group>";
		};
		845EB1E52A67F6C2003D6F5C /* SupportedClass */ = {
			isa = PBXGroup;
			children = (
				845EB1DD2A668D63003D6F5C /* Gradients.swift */,
			);
			path = SupportedClass;
			sourceTree = "<group>";
		};
		845EB1E62A67FABC003D6F5C /* Tab bar */ = {
			isa = PBXGroup;
			children = (
				845EB1D22A6630C3003D6F5C /* MainTabBarController.swift */,
				84DBB9A12AE2CCF300A0784F /* NumerologyVC.swift */,
				845EB1CE2A662E42003D6F5C /* FirstViewController.swift */,
				84D870942A8677D600ACACA8 /* SecondViewController */,
				84AC66F72A7BDF4700D2321B /* ThirdViewController.swift */,
				84AC670D2A7FFEB100D2321B /* FourthViewController.swift */,
			);
			path = "Tab bar";
			sourceTree = "<group>";
		};
		8492D0912A6EA78500761312 /* APIManager */ = {
			isa = PBXGroup;
			children = (
				8492D0922A6EA7E500761312 /* FirebaseManager.swift */,
			);
			path = APIManager;
			sourceTree = "<group>";
		};
		8492D0942A713C6F00761312 /* Model */ = {
			isa = PBXGroup;
			children = (
				84DBB9A82AE40FC700A0784F /* NumerologyModel.swift */,
				84DBB9A72AE40F5300A0784F /* Firebase */,
			);
			path = Model;
			sourceTree = "<group>";
		};
		84AA6AEC2AA4E48900BF6C0D /* Fonts */ = {
			isa = PBXGroup;
			children = (
				84AA6AF12AA4E82800BF6C0D /* Cinzel-Bold.ttf */,
				84AA6AFA2AA8DD0000BF6C0D /* SourceSerifPro-Regular.ttf */,
				84AA6AF22AA4E82800BF6C0D /* Cinzel-Regular.ttf */,
				84AA6AF52AA4F85C00BF6C0D /* SourceSerifPro-Light.ttf */,
				84B99A8D2AB9A028008A3B49 /* SourceSerifPro-Semibold.ttf */,
				84B99A952AB9C712008A3B49 /* SourceSerifPro-Bold.ttf */,
			);
			path = Fonts;
			sourceTree = "<group>";
		};
		84AC66F32A7941F500D2321B /* Onboarding */ = {
			isa = PBXGroup;
			children = (
				84DBB9CC2AE9570400A0784F /* v2 */,
				84DBB9C92AE9546700A0784F /* v1 */,
			);
			path = Onboarding;
			sourceTree = "<group>";
		};
		84AC66F42A79420F00D2321B /* Onboarding */ = {
			isa = PBXGroup;
			children = (
				84AC66F52A79428700D2321B /* OnboardingSlideView.swift */,
			);
			path = Onboarding;
			sourceTree = "<group>";
		};
		84B99A862AB7385E008A3B49 /* CollectionView */ = {
			isa = PBXGroup;
			children = (
				84B99A842AB73820008A3B49 /* CustomCarousel_CV.swift */,
				845EB1E32A67E4F7003D6F5C /* ContentCollectionView.swift */,
			);
			path = CollectionView;
			sourceTree = "<group>";
		};
		84BCF64E2AF106B4009DF51C /* PaywallVC_V2 */ = {
			isa = PBXGroup;
			children = (
				84B99A872AB73A1E008A3B49 /* CarouselCard_CVCell.swift */,
				848DFAC92AC3798E0043512C /* MiniPromoCVCell.swift */,
				848DFACB2AC41BDE0043512C /* Mini2PromoCVCell.swift */,
				84B99A822AB6EE08008A3B49 /* BigPromoCVCell.swift */,
				84B99A892AB88E5B008A3B49 /* RegularPromoCVCell.swift */,
			);
			path = PaywallVC_V2;
			sourceTree = "<group>";
		};
		84D870942A8677D600ACACA8 /* SecondViewController */ = {
			isa = PBXGroup;
			children = (
				84AC66FB2A7C175100D2321B /* SecondViewController.swift */,
				8437D3CA2A839EA7003592A7 /* PersonalMonthVC.swift */,
				8437D3D82A862A59003592A7 /* PersonalYearVC.swift */,
				8437D3DA2A863FA3003592A7 /* PersonalDayVC.swift */,
				84AC66FD2A7C647400D2321B /* LifeStagesViewController.swift */,
			);
			path = SecondViewController;
			sourceTree = "<group>";
		};
		84D870A22A8D14B300ACACA8 /* Frameworks */ = {
			isa = PBXGroup;
			children = (
				84EEF4982AA20C7E0054B430 /* StoreKit.framework */,
				DD3E708E4F345F1DB3BF5CE9 /* Pods_Numerology.framework */,
			);
			name = Frameworks;
			sourceTree = "<group>";
		};
		84DBB9A72AE40F5300A0784F /* Firebase */ = {
			isa = PBXGroup;
			children = (
				8492D0952A713CBA00761312 /* NumbersOfSoulModel.swift */,
				849CAB652A764F4C0019984E /* BoardOfDayModel.swift */,
				849CAB672A767F3C0019984E /* NumbersOfDestinyModel.swift */,
				8496CA312A77EEC700FB9592 /* NumbersOfNameModel.swift */,
				8496CA332A77FB4900FB9592 /* NumbersOfMoneyModel.swift */,
				8496CA352A7805FB00FB9592 /* PowerCodeModel.swift */,
				84AC67052A7FDA0800D2321B /* PersonalDayModel.swift */,
				84AC67072A7FE12100D2321B /* PersonalMonthModel.swift */,
				84AC67092A7FE5AD00D2321B /* PersonalYearModel.swift */,
				84AC670B2A7FEACB00D2321B /* LifeStagesModel.swift */,
				84AC670F2A8001AE00D2321B /* NumerologyIsModel.swift */,
				84AC67132A810DBE00D2321B /* CompatibilityModel.swift */,
				84D870952A87D4CE00ACACA8 /* LifeStagesCalculatedModel.swift */,
				84D870972A892C0D00ACACA8 /* InfoDocModel.swift */,
				84420CD62A73FC9900DE1812 /* CalculateNumbers.swift */,
				8492D0832A6BDD6500761312 /* DateFormat.swift */,
			);
			path = Firebase;
			sourceTree = "<group>";
		};
		84DBB9AC2AE410E400A0784F /* ViewModel */ = {
			isa = PBXGroup;
			children = (
				84DBB9AA2AE410D700A0784F /* ViewModel.swift */,
				84DBB9B52AE7BDC900A0784F /* OnboardingQuizData.swift */,
			);
			path = ViewModel;
			sourceTree = "<group>";
		};
		84DBB9C92AE9546700A0784F /* v1 */ = {
			isa = PBXGroup;
			children = (
				845EB1EA2A692114003D6F5C /* OnboardingVC.swift */,
				845EB1EC2A6973E5003D6F5C /* UserEnterDataVC.swift */,
				8492D0812A6AD91000761312 /* UserEnterDateOfBirthVC.swift */,
			);
			path = v1;
			sourceTree = "<group>";
		};
		84DBB9CC2AE9570400A0784F /* v2 */ = {
			isa = PBXGroup;
			children = (
				84DBB9D12AEA69EF00A0784F /* OnboardingVC_v2.swift */,
				84DBB9CD2AE96BD300A0784F /* ChooseGenderVC.swift */,
				84DBB9CA2AE955D500A0784F /* EnterUserDataVC.swift */,
				84DBB9B32AE7B7FA00A0784F /* QuizVC.swift */,
			);
			path = v2;
			sourceTree = "<group>";
		};
		E2D2D5E4768FC2E0FBB5F04A /* Pods */ = {
			isa = PBXGroup;
			children = (
				25DE408091313ADBAB578A0D /* Pods-Numerology.debug.xcconfig */,
				806AA35FAABCDDFAFF53D986 /* Pods-Numerology.release.xcconfig */,
			);
			path = Pods;
			sourceTree = "<group>";
		};
/* End PBXGroup section */

/* Begin PBXNativeTarget section */
		845EB1B62A657938003D6F5C /* Numerology */ = {
			isa = PBXNativeTarget;
			buildConfigurationList = 845EB1CB2A65793E003D6F5C /* Build configuration list for PBXNativeTarget "Numerology" */;
			buildPhases = (
				A5670CCA45F8DA928E8FB770 /* [CP] Check Pods Manifest.lock */,
				845EB1B32A657938003D6F5C /* Sources */,
				845EB1B42A657938003D6F5C /* Frameworks */,
				845EB1B52A657938003D6F5C /* Resources */,
				616156C44DE440F989AA3512 /* [CP] Embed Pods Frameworks */,
			);
			buildRules = (
			);
			dependencies = (
			);
			name = Numerology;
			packageProductDependencies = (
				84420CC52A7165A500DE1812 /* FirebaseDatabase */,
				84420CC72A7165A500DE1812 /* FirebaseFirestore */,
				84420CC92A7165A500DE1812 /* FirebaseFirestoreSwift */,
				84420CCB2A7165A500DE1812 /* FirebaseStorage */,
				84AA6AE82AA3558100BF6C0D /* FirebaseMessaging */,
			);
			productName = Numerology;
			productReference = 845EB1B72A657938003D6F5C /* Numerology.app */;
			productType = "com.apple.product-type.application";
		};
/* End PBXNativeTarget section */

/* Begin PBXProject section */
		845EB1AF2A657938003D6F5C /* Project object */ = {
			isa = PBXProject;
			attributes = {
				BuildIndependentTargetsInParallel = 1;
				LastSwiftUpdateCheck = 1410;
				LastUpgradeCheck = 1410;
				TargetAttributes = {
					845EB1B62A657938003D6F5C = {
						CreatedOnToolsVersion = 14.1;
					};
				};
			};
			buildConfigurationList = 845EB1B22A657938003D6F5C /* Build configuration list for PBXProject "Numerology" */;
			compatibilityVersion = "Xcode 13.0";
			developmentRegion = en;
			hasScannedForEncodings = 0;
			knownRegions = (
				en,
				Base,
			);
			mainGroup = 845EB1AE2A657938003D6F5C;
			packageReferences = (
				84420CC42A7165A500DE1812 /* XCRemoteSwiftPackageReference "firebase-ios-sdk" */,
			);
			productRefGroup = 845EB1B82A657938003D6F5C /* Products */;
			projectDirPath = "";
			projectRoot = "";
			targets = (
				845EB1B62A657938003D6F5C /* Numerology */,
			);
		};
/* End PBXProject section */

/* Begin PBXResourcesBuildPhase section */
		845EB1B52A657938003D6F5C /* Resources */ = {
			isa = PBXResourcesBuildPhase;
			buildActionMask = 2147483647;
			files = (
				84B99A8E2AB9A028008A3B49 /* SourceSerifPro-Semibold.ttf in Resources */,
				845EB1C72A65793E003D6F5C /* LaunchScreen.storyboard in Resources */,
				84B99A9E2AC00F90008A3B49 /* StoreKitTestCertificate.cer in Resources */,
				84AA6AEB2AA4A54600BF6C0D /* GoogleService-Info.plist in Resources */,
				8411AB2B2A938BF400B3D2F4 /* StoreKitConfig.storekit in Resources */,
				84AA6AF62AA4F85C00BF6C0D /* SourceSerifPro-Light.ttf in Resources */,
				845EB1C42A65793E003D6F5C /* Assets.xcassets in Resources */,
				84B99A962AB9C712008A3B49 /* SourceSerifPro-Bold.ttf in Resources */,
				84AA6AFB2AA8DD0000BF6C0D /* SourceSerifPro-Regular.ttf in Resources */,
				84AA6AF42AA4E82800BF6C0D /* Cinzel-Regular.ttf in Resources */,
				84AA6AF32AA4E82800BF6C0D /* Cinzel-Bold.ttf in Resources */,
			);
			runOnlyForDeploymentPostprocessing = 0;
		};
/* End PBXResourcesBuildPhase section */

/* Begin PBXShellScriptBuildPhase section */
		616156C44DE440F989AA3512 /* [CP] Embed Pods Frameworks */ = {
			isa = PBXShellScriptBuildPhase;
			buildActionMask = 2147483647;
			files = (
			);
			inputFileListPaths = (
				"${PODS_ROOT}/Target Support Files/Pods-Numerology/Pods-Numerology-frameworks-${CONFIGURATION}-input-files.xcfilelist",
			);
			name = "[CP] Embed Pods Frameworks";
			outputFileListPaths = (
				"${PODS_ROOT}/Target Support Files/Pods-Numerology/Pods-Numerology-frameworks-${CONFIGURATION}-output-files.xcfilelist",
			);
			runOnlyForDeploymentPostprocessing = 0;
			shellPath = /bin/sh;
			shellScript = "\"${PODS_ROOT}/Target Support Files/Pods-Numerology/Pods-Numerology-frameworks.sh\"\n";
			showEnvVarsInLog = 0;
		};
		A5670CCA45F8DA928E8FB770 /* [CP] Check Pods Manifest.lock */ = {
			isa = PBXShellScriptBuildPhase;
			buildActionMask = 2147483647;
			files = (
			);
			inputFileListPaths = (
			);
			inputPaths = (
				"${PODS_PODFILE_DIR_PATH}/Podfile.lock",
				"${PODS_ROOT}/Manifest.lock",
			);
			name = "[CP] Check Pods Manifest.lock";
			outputFileListPaths = (
			);
			outputPaths = (
				"$(DERIVED_FILE_DIR)/Pods-Numerology-checkManifestLockResult.txt",
			);
			runOnlyForDeploymentPostprocessing = 0;
			shellPath = /bin/sh;
			shellScript = "diff \"${PODS_PODFILE_DIR_PATH}/Podfile.lock\" \"${PODS_ROOT}/Manifest.lock\" > /dev/null\nif [ $? != 0 ] ; then\n    # print error to STDERR\n    echo \"error: The sandbox is not in sync with the Podfile.lock. Run 'pod install' or update your CocoaPods installation.\" >&2\n    exit 1\nfi\n# This output is used by Xcode 'outputs' to avoid re-running this script phase.\necho \"SUCCESS\" > \"${SCRIPT_OUTPUT_FILE_0}\"\n";
			showEnvVarsInLog = 0;
		};
/* End PBXShellScriptBuildPhase section */

/* Begin PBXSourcesBuildPhase section */
		845EB1B32A657938003D6F5C /* Sources */ = {
			isa = PBXSourcesBuildPhase;
			buildActionMask = 2147483647;
			files = (
				84AC66FC2A7C175100D2321B /* SecondViewController.swift in Sources */,
				84B99A8C2AB99D2D008A3B49 /* Extension_UIColor.swift in Sources */,
				8437D3CB2A839EA7003592A7 /* PersonalMonthVC.swift in Sources */,
				84DBB9B82AE7D37C00A0784F /* OnboardingQuizCell.swift in Sources */,
				84420CD22A72D6FB00DE1812 /* Extension_UIViewController.swift in Sources */,
				84420CD02A7297EE00DE1812 /* DescriptionVC.swift in Sources */,
				84AC67162A81180B00D2321B /* CompatibilityViewController.swift in Sources */,
				8437D3DB2A863FA3003592A7 /* PersonalDayVC.swift in Sources */,
				84DBB9A22AE2CCF300A0784F /* NumerologyVC.swift in Sources */,
				8496CA362A7805FB00FB9592 /* PowerCodeModel.swift in Sources */,
				84DBB9B42AE7B7FA00A0784F /* QuizVC.swift in Sources */,
				84AC67082A7FE12200D2321B /* PersonalMonthModel.swift in Sources */,
				845EB1ED2A6973E6003D6F5C /* UserEnterDataVC.swift in Sources */,
				8437D3CD2A83A694003592A7 /* PersonalMonthDatePicker.swift in Sources */,
				84D8709E2A8B368400ACACA8 /* PaywallCVCell.swift in Sources */,
				8492D0822A6AD91000761312 /* UserEnterDateOfBirthVC.swift in Sources */,
				84B99A902AB9A3B0008A3B49 /* Extension_UIFont.swift in Sources */,
				84AC66FE2A7C647400D2321B /* LifeStagesViewController.swift in Sources */,
				84DBB9AB2AE410D700A0784F /* ViewModel.swift in Sources */,
				84420CCE2A728DF500DE1812 /* Extension_UIImage.swift in Sources */,
				8496CA342A77FB4900FB9592 /* NumbersOfMoneyModel.swift in Sources */,
				845EB1EF2A697F58003D6F5C /* RegularTextField.swift in Sources */,
				849CAB682A767F3C0019984E /* NumbersOfDestinyModel.swift in Sources */,
				84AC67002A7C663200D2321B /* ButtonCVCell.swift in Sources */,
				84AC67062A7FDA0800D2321B /* PersonalDayModel.swift in Sources */,
				845EB1BB2A657939003D6F5C /* AppDelegate.swift in Sources */,
				845EB1D32A6630C3003D6F5C /* MainTabBarController.swift in Sources */,
				84DBB9CE2AE96BD300A0784F /* ChooseGenderVC.swift in Sources */,
				8437D3D92A862A59003592A7 /* PersonalYearVC.swift in Sources */,
				845EB1BD2A657939003D6F5C /* SceneDelegate.swift in Sources */,
				84B99A832AB6EE08008A3B49 /* BigPromoCVCell.swift in Sources */,
				84AC66F62A79428700D2321B /* OnboardingSlideView.swift in Sources */,
				848DFACA2AC3798E0043512C /* MiniPromoCVCell.swift in Sources */,
				845EB1E82A68124E003D6F5C /* OvalShapeView.swift in Sources */,
				84AC67142A810DBE00D2321B /* CompatibilityModel.swift in Sources */,
				8492D0842A6BDD6500761312 /* DateFormat.swift in Sources */,
				84DBB9B62AE7BDC900A0784F /* OnboardingQuizData.swift in Sources */,
				8437D3D22A84DE76003592A7 /* PersonalMonthTF.swift in Sources */,
				845EB1E22A67D119003D6F5C /* CardCollectionViewCell.swift in Sources */,
				84DBB9A92AE40FC700A0784F /* NumerologyModel.swift in Sources */,
				84B99A852AB73820008A3B49 /* CustomCarousel_CV.swift in Sources */,
				845EB1EB2A692114003D6F5C /* OnboardingVC.swift in Sources */,
				84AC670E2A7FFEB100D2321B /* FourthViewController.swift in Sources */,
				8411AB2F2A94D9D100B3D2F4 /* PurchaseButton.swift in Sources */,
				8492D0872A6D935200761312 /* EditProfileVC.swift in Sources */,
				8492D0932A6EA7E500761312 /* FirebaseManager.swift in Sources */,
				84B99A882AB73A1E008A3B49 /* CarouselCard_CVCell.swift in Sources */,
				845EB1F22A6A509E003D6F5C /* Extension_UserDefaults.swift in Sources */,
				84AC66F82A7BDF4700D2321B /* ThirdViewController.swift in Sources */,
				84DBB9BA2AE809AB00A0784F /* Extension_UIButton.swift in Sources */,
				84420CD52A73EC1A00DE1812 /* BigCardCVCell.swift in Sources */,
				8496CA322A77EEC700FB9592 /* NumbersOfNameModel.swift in Sources */,
				84D870982A892C0D00ACACA8 /* InfoDocModel.swift in Sources */,
				84D8709C2A8B248200ACACA8 /* PaywallViewController.swift in Sources */,
				84420CD72A73FC9900DE1812 /* CalculateNumbers.swift in Sources */,
				84B99A8A2AB88E5B008A3B49 /* RegularPromoCVCell.swift in Sources */,
				849CAB662A764F4D0019984E /* BoardOfDayModel.swift in Sources */,
				84AC670A2A7FE5AE00D2321B /* PersonalYearModel.swift in Sources */,
				845EB1E42A67E4F7003D6F5C /* ContentCollectionView.swift in Sources */,
				84AC67122A802FE000D2321B /* DescriptionView.swift in Sources */,
				84D870A12A8D035700ACACA8 /* StoreKitManager.swift in Sources */,
				84AA6AF82AA6077E00BF6C0D /* CustomTF.swift in Sources */,
				84DBB9D22AEA69EF00A0784F /* OnboardingVC_v2.swift in Sources */,
				84D870962A87D4CE00ACACA8 /* LifeStagesCalculatedModel.swift in Sources */,
				84AC67102A8001AF00D2321B /* NumerologyIsModel.swift in Sources */,
				8437D3D52A8628F7003592A7 /* PersonalYearTF.swift in Sources */,
				84B99A812AB6EB95008A3B49 /* PaywallVC_V2.swift in Sources */,
				845EB1CF2A662E42003D6F5C /* FirstViewController.swift in Sources */,
				84DBB9CB2AE955D500A0784F /* EnterUserDataVC.swift in Sources */,
				84AC66FA2A7BE4D900D2321B /* RegularBigButton.swift in Sources */,
				848DFACC2AC41BDF0043512C /* Mini2PromoCVCell.swift in Sources */,
				846FC5F42A8F97820011EF01 /* StoreKit2Manager.swift in Sources */,
				8492D0962A713CBA00761312 /* NumbersOfSoulModel.swift in Sources */,
				845EB1DE2A668D63003D6F5C /* Gradients.swift in Sources */,
				84DBB9A42AE2F51D00A0784F /* AnimatableBG.swift in Sources */,
				84AC670C2A7FEACB00D2321B /* LifeStagesModel.swift in Sources */,
				84DBB9D02AE9951B00A0784F /* GenderCVCell.swift in Sources */,
				845EB1D72A663F60003D6F5C /* HeaderUIView.swift in Sources */,
				84AC67022A7C6DAB00D2321B /* ChipsButton.swift in Sources */,
				8437D3D72A862983003592A7 /* PersonalYearDP.swift in Sources */,
				846FC5F62A90A1BB0011EF01 /* OnlyLableCVCell.swift in Sources */,
			);
			runOnlyForDeploymentPostprocessing = 0;
		};
/* End PBXSourcesBuildPhase section */

/* Begin PBXVariantGroup section */
		845EB1C52A65793E003D6F5C /* LaunchScreen.storyboard */ = {
			isa = PBXVariantGroup;
			children = (
				84D9CB4F2AACE01C00809B70 /* Base */,
			);
			name = LaunchScreen.storyboard;
			sourceTree = "<group>";
		};
/* End PBXVariantGroup section */

/* Begin XCBuildConfiguration section */
		845EB1C92A65793E003D6F5C /* Debug */ = {
			isa = XCBuildConfiguration;
			buildSettings = {
				ALWAYS_SEARCH_USER_PATHS = NO;
				CLANG_ANALYZER_NONNULL = YES;
				CLANG_ANALYZER_NUMBER_OBJECT_CONVERSION = YES_AGGRESSIVE;
				CLANG_CXX_LANGUAGE_STANDARD = "gnu++20";
				CLANG_ENABLE_MODULES = YES;
				CLANG_ENABLE_OBJC_ARC = YES;
				CLANG_ENABLE_OBJC_WEAK = YES;
				CLANG_WARN_BLOCK_CAPTURE_AUTORELEASING = YES;
				CLANG_WARN_BOOL_CONVERSION = YES;
				CLANG_WARN_COMMA = YES;
				CLANG_WARN_CONSTANT_CONVERSION = YES;
				CLANG_WARN_DEPRECATED_OBJC_IMPLEMENTATIONS = YES;
				CLANG_WARN_DIRECT_OBJC_ISA_USAGE = YES_ERROR;
				CLANG_WARN_DOCUMENTATION_COMMENTS = YES;
				CLANG_WARN_EMPTY_BODY = YES;
				CLANG_WARN_ENUM_CONVERSION = YES;
				CLANG_WARN_INFINITE_RECURSION = YES;
				CLANG_WARN_INT_CONVERSION = YES;
				CLANG_WARN_NON_LITERAL_NULL_CONVERSION = YES;
				CLANG_WARN_OBJC_IMPLICIT_RETAIN_SELF = YES;
				CLANG_WARN_OBJC_LITERAL_CONVERSION = YES;
				CLANG_WARN_OBJC_ROOT_CLASS = YES_ERROR;
				CLANG_WARN_QUOTED_INCLUDE_IN_FRAMEWORK_HEADER = YES;
				CLANG_WARN_RANGE_LOOP_ANALYSIS = YES;
				CLANG_WARN_STRICT_PROTOTYPES = YES;
				CLANG_WARN_SUSPICIOUS_MOVE = YES;
				CLANG_WARN_UNGUARDED_AVAILABILITY = YES_AGGRESSIVE;
				CLANG_WARN_UNREACHABLE_CODE = YES;
				CLANG_WARN__DUPLICATE_METHOD_MATCH = YES;
				COPY_PHASE_STRIP = NO;
				DEBUG_INFORMATION_FORMAT = dwarf;
				ENABLE_STRICT_OBJC_MSGSEND = YES;
				ENABLE_TESTABILITY = YES;
				GCC_C_LANGUAGE_STANDARD = gnu11;
				GCC_DYNAMIC_NO_PIC = NO;
				GCC_NO_COMMON_BLOCKS = YES;
				GCC_OPTIMIZATION_LEVEL = 0;
				GCC_PREPROCESSOR_DEFINITIONS = (
					"DEBUG=1",
					"$(inherited)",
				);
				GCC_WARN_64_TO_32_BIT_CONVERSION = YES;
				GCC_WARN_ABOUT_RETURN_TYPE = YES_ERROR;
				GCC_WARN_UNDECLARED_SELECTOR = YES;
				GCC_WARN_UNINITIALIZED_AUTOS = YES_AGGRESSIVE;
				GCC_WARN_UNUSED_FUNCTION = YES;
				GCC_WARN_UNUSED_VARIABLE = YES;
				IPHONEOS_DEPLOYMENT_TARGET = 14.0;
				MTL_ENABLE_DEBUG_INFO = INCLUDE_SOURCE;
				MTL_FAST_MATH = YES;
				ONLY_ACTIVE_ARCH = YES;
				SDKROOT = iphoneos;
				SWIFT_ACTIVE_COMPILATION_CONDITIONS = DEBUG;
				SWIFT_OPTIMIZATION_LEVEL = "-Onone";
			};
			name = Debug;
		};
		845EB1CA2A65793E003D6F5C /* Release */ = {
			isa = XCBuildConfiguration;
			buildSettings = {
				ALWAYS_SEARCH_USER_PATHS = NO;
				CLANG_ANALYZER_NONNULL = YES;
				CLANG_ANALYZER_NUMBER_OBJECT_CONVERSION = YES_AGGRESSIVE;
				CLANG_CXX_LANGUAGE_STANDARD = "gnu++20";
				CLANG_ENABLE_MODULES = YES;
				CLANG_ENABLE_OBJC_ARC = YES;
				CLANG_ENABLE_OBJC_WEAK = YES;
				CLANG_WARN_BLOCK_CAPTURE_AUTORELEASING = YES;
				CLANG_WARN_BOOL_CONVERSION = YES;
				CLANG_WARN_COMMA = YES;
				CLANG_WARN_CONSTANT_CONVERSION = YES;
				CLANG_WARN_DEPRECATED_OBJC_IMPLEMENTATIONS = YES;
				CLANG_WARN_DIRECT_OBJC_ISA_USAGE = YES_ERROR;
				CLANG_WARN_DOCUMENTATION_COMMENTS = YES;
				CLANG_WARN_EMPTY_BODY = YES;
				CLANG_WARN_ENUM_CONVERSION = YES;
				CLANG_WARN_INFINITE_RECURSION = YES;
				CLANG_WARN_INT_CONVERSION = YES;
				CLANG_WARN_NON_LITERAL_NULL_CONVERSION = YES;
				CLANG_WARN_OBJC_IMPLICIT_RETAIN_SELF = YES;
				CLANG_WARN_OBJC_LITERAL_CONVERSION = YES;
				CLANG_WARN_OBJC_ROOT_CLASS = YES_ERROR;
				CLANG_WARN_QUOTED_INCLUDE_IN_FRAMEWORK_HEADER = YES;
				CLANG_WARN_RANGE_LOOP_ANALYSIS = YES;
				CLANG_WARN_STRICT_PROTOTYPES = YES;
				CLANG_WARN_SUSPICIOUS_MOVE = YES;
				CLANG_WARN_UNGUARDED_AVAILABILITY = YES_AGGRESSIVE;
				CLANG_WARN_UNREACHABLE_CODE = YES;
				CLANG_WARN__DUPLICATE_METHOD_MATCH = YES;
				COPY_PHASE_STRIP = NO;
				DEBUG_INFORMATION_FORMAT = "dwarf-with-dsym";
				ENABLE_NS_ASSERTIONS = NO;
				ENABLE_STRICT_OBJC_MSGSEND = YES;
				GCC_C_LANGUAGE_STANDARD = gnu11;
				GCC_NO_COMMON_BLOCKS = YES;
				GCC_WARN_64_TO_32_BIT_CONVERSION = YES;
				GCC_WARN_ABOUT_RETURN_TYPE = YES_ERROR;
				GCC_WARN_UNDECLARED_SELECTOR = YES;
				GCC_WARN_UNINITIALIZED_AUTOS = YES_AGGRESSIVE;
				GCC_WARN_UNUSED_FUNCTION = YES;
				GCC_WARN_UNUSED_VARIABLE = YES;
				IPHONEOS_DEPLOYMENT_TARGET = 14.0;
				MTL_ENABLE_DEBUG_INFO = NO;
				MTL_FAST_MATH = YES;
				SDKROOT = iphoneos;
				SWIFT_COMPILATION_MODE = wholemodule;
				SWIFT_OPTIMIZATION_LEVEL = "-O";
				VALIDATE_PRODUCT = YES;
			};
			name = Release;
		};
		845EB1CC2A65793E003D6F5C /* Debug */ = {
			isa = XCBuildConfiguration;
			baseConfigurationReference = 25DE408091313ADBAB578A0D /* Pods-Numerology.debug.xcconfig */;
			buildSettings = {
				ASSETCATALOG_COMPILER_APPICON_NAME = AppIcon;
				ASSETCATALOG_COMPILER_GLOBAL_ACCENT_COLOR_NAME = AccentColor;
				CODE_SIGN_ENTITLEMENTS = Numerology/Numerology.entitlements;
				CODE_SIGN_STYLE = Automatic;
				CURRENT_PROJECT_VERSION = 1.53;
				DEVELOPMENT_TEAM = 25F5UMN333;
				GENERATE_INFOPLIST_FILE = YES;
				INFOPLIST_FILE = Numerology/Info.plist;
				INFOPLIST_KEY_CFBundleDisplayName = Numerology;
				INFOPLIST_KEY_LSApplicationCategoryType = "public.app-category.lifestyle";
				INFOPLIST_KEY_UIApplicationSupportsIndirectInputEvents = YES;
				INFOPLIST_KEY_UILaunchStoryboardName = LaunchScreen.storyboard;
				INFOPLIST_KEY_UIStatusBarStyle = "";
				INFOPLIST_KEY_UISupportedInterfaceOrientations = UIInterfaceOrientationPortrait;
				INFOPLIST_KEY_UIUserInterfaceStyle = Dark;
				IPHONEOS_DEPLOYMENT_TARGET = 14.0;
				LD_RUNPATH_SEARCH_PATHS = (
					"$(inherited)",
					"@executable_path/Frameworks",
				);
				MARKETING_VERSION = 3.0.8;
				PRODUCT_BUNDLE_IDENTIFIER = com.numerology.ios;
				PRODUCT_NAME = "$(TARGET_NAME)";
				SWIFT_EMIT_LOC_STRINGS = YES;
				SWIFT_VERSION = 5.0;
				TARGETED_DEVICE_FAMILY = 1;
			};
			name = Debug;
		};
		845EB1CD2A65793E003D6F5C /* Release */ = {
			isa = XCBuildConfiguration;
			baseConfigurationReference = 806AA35FAABCDDFAFF53D986 /* Pods-Numerology.release.xcconfig */;
			buildSettings = {
				ASSETCATALOG_COMPILER_APPICON_NAME = AppIcon;
				ASSETCATALOG_COMPILER_GLOBAL_ACCENT_COLOR_NAME = AccentColor;
				CODE_SIGN_ENTITLEMENTS = Numerology/Numerology.entitlements;
				CODE_SIGN_STYLE = Automatic;
				CURRENT_PROJECT_VERSION = 1.53;
				DEVELOPMENT_TEAM = 25F5UMN333;
				GENERATE_INFOPLIST_FILE = YES;
				INFOPLIST_FILE = Numerology/Info.plist;
				INFOPLIST_KEY_CFBundleDisplayName = Numerology;
				INFOPLIST_KEY_LSApplicationCategoryType = "public.app-category.lifestyle";
				INFOPLIST_KEY_UIApplicationSupportsIndirectInputEvents = YES;
				INFOPLIST_KEY_UILaunchStoryboardName = LaunchScreen.storyboard;
				INFOPLIST_KEY_UIStatusBarStyle = "";
				INFOPLIST_KEY_UISupportedInterfaceOrientations = UIInterfaceOrientationPortrait;
				INFOPLIST_KEY_UIUserInterfaceStyle = Dark;
				IPHONEOS_DEPLOYMENT_TARGET = 14.0;
				LD_RUNPATH_SEARCH_PATHS = (
					"$(inherited)",
					"@executable_path/Frameworks",
				);
				MARKETING_VERSION = 3.0.8;
				PRODUCT_BUNDLE_IDENTIFIER = com.numerology.ios;
				PRODUCT_NAME = "$(TARGET_NAME)";
				SWIFT_EMIT_LOC_STRINGS = YES;
				SWIFT_VERSION = 5.0;
				TARGETED_DEVICE_FAMILY = 1;
			};
			name = Release;
		};
/* End XCBuildConfiguration section */

/* Begin XCConfigurationList section */
		845EB1B22A657938003D6F5C /* Build configuration list for PBXProject "Numerology" */ = {
			isa = XCConfigurationList;
			buildConfigurations = (
				845EB1C92A65793E003D6F5C /* Debug */,
				845EB1CA2A65793E003D6F5C /* Release */,
			);
			defaultConfigurationIsVisible = 0;
			defaultConfigurationName = Release;
		};
		845EB1CB2A65793E003D6F5C /* Build configuration list for PBXNativeTarget "Numerology" */ = {
			isa = XCConfigurationList;
			buildConfigurations = (
				845EB1CC2A65793E003D6F5C /* Debug */,
				845EB1CD2A65793E003D6F5C /* Release */,
			);
			defaultConfigurationIsVisible = 0;
			defaultConfigurationName = Release;
		};
/* End XCConfigurationList section */

/* Begin XCRemoteSwiftPackageReference section */
		84420CC42A7165A500DE1812 /* XCRemoteSwiftPackageReference "firebase-ios-sdk" */ = {
			isa = XCRemoteSwiftPackageReference;
			repositoryURL = "https://github.com/firebase/firebase-ios-sdk";
			requirement = {
				kind = upToNextMajorVersion;
				minimumVersion = 9.0.0;
			};
		};
/* End XCRemoteSwiftPackageReference section */

/* Begin XCSwiftPackageProductDependency section */
		84420CC52A7165A500DE1812 /* FirebaseDatabase */ = {
			isa = XCSwiftPackageProductDependency;
			package = 84420CC42A7165A500DE1812 /* XCRemoteSwiftPackageReference "firebase-ios-sdk" */;
			productName = FirebaseDatabase;
		};
		84420CC72A7165A500DE1812 /* FirebaseFirestore */ = {
			isa = XCSwiftPackageProductDependency;
			package = 84420CC42A7165A500DE1812 /* XCRemoteSwiftPackageReference "firebase-ios-sdk" */;
			productName = FirebaseFirestore;
		};
		84420CC92A7165A500DE1812 /* FirebaseFirestoreSwift */ = {
			isa = XCSwiftPackageProductDependency;
			package = 84420CC42A7165A500DE1812 /* XCRemoteSwiftPackageReference "firebase-ios-sdk" */;
			productName = FirebaseFirestoreSwift;
		};
		84420CCB2A7165A500DE1812 /* FirebaseStorage */ = {
			isa = XCSwiftPackageProductDependency;
			package = 84420CC42A7165A500DE1812 /* XCRemoteSwiftPackageReference "firebase-ios-sdk" */;
			productName = FirebaseStorage;
		};
		84AA6AE82AA3558100BF6C0D /* FirebaseMessaging */ = {
			isa = XCSwiftPackageProductDependency;
			package = 84420CC42A7165A500DE1812 /* XCRemoteSwiftPackageReference "firebase-ios-sdk" */;
			productName = FirebaseMessaging;
		};
/* End XCSwiftPackageProductDependency section */
	};
	rootObject = 845EB1AF2A657938003D6F5C /* Project object */;
}
